// !$*UTF8*$!
{
	archiveVersion = 1;
	classes = {
	};
	objectVersion = 46;
	objects = {

/* Begin PBXBuildFile section */
		14E840591ABB4EFA00620352 /* main.m in Sources */ = {isa = PBXBuildFile; fileRef = 14E840581ABB4EFA00620352 /* main.m */; };
		14E8405C1ABB4EFA00620352 /* AppDelegate.m in Sources */ = {isa = PBXBuildFile; fileRef = 14E8405B1ABB4EFA00620352 /* AppDelegate.m */; };
		14E840621ABB4EFA00620352 /* Main.storyboard in Resources */ = {isa = PBXBuildFile; fileRef = 14E840601ABB4EFA00620352 /* Main.storyboard */; };
		14E840641ABB4EFA00620352 /* Images.xcassets in Resources */ = {isa = PBXBuildFile; fileRef = 14E840631ABB4EFA00620352 /* Images.xcassets */; };
		14E840671ABB4EFA00620352 /* LaunchScreen.xib in Resources */ = {isa = PBXBuildFile; fileRef = 14E840651ABB4EFA00620352 /* LaunchScreen.xib */; };
		14E840731ABB4EFA00620352 /* FarkleTests.m in Sources */ = {isa = PBXBuildFile; fileRef = 14E840721ABB4EFA00620352 /* FarkleTests.m */; };
		14F890E11ABFABFF0090CB30 /* ShakeView.m in Sources */ = {isa = PBXBuildFile; fileRef = 14F890E01ABFABFF0090CB30 /* ShakeView.m */; };
		D63221411ABB508500623560 /* DieLabel.m in Sources */ = {isa = PBXBuildFile; fileRef = D63221401ABB508500623560 /* DieLabel.m */; };
		D63221441ABB50A900623560 /* RootViewController.m in Sources */ = {isa = PBXBuildFile; fileRef = D63221431ABB50A900623560 /* RootViewController.m */; };
/* End PBXBuildFile section */

/* Begin PBXContainerItemProxy section */
		14E8406D1ABB4EFA00620352 /* PBXContainerItemProxy */ = {
			isa = PBXContainerItemProxy;
			containerPortal = 14E8404B1ABB4EFA00620352 /* Project object */;
			proxyType = 1;
			remoteGlobalIDString = 14E840521ABB4EFA00620352;
			remoteInfo = Farkle;
		};
/* End PBXContainerItemProxy section */

/* Begin PBXFileReference section */
		14E840531ABB4EFA00620352 /* Farkle.app */ = {isa = PBXFileReference; explicitFileType = wrapper.application; includeInIndex = 0; path = Farkle.app; sourceTree = BUILT_PRODUCTS_DIR; };
		14E840571ABB4EFA00620352 /* Info.plist */ = {isa = PBXFileReference; lastKnownFileType = text.plist.xml; path = Info.plist; sourceTree = "<group>"; };
		14E840581ABB4EFA00620352 /* main.m */ = {isa = PBXFileReference; lastKnownFileType = sourcecode.c.objc; path = main.m; sourceTree = "<group>"; };
		14E8405A1ABB4EFA00620352 /* AppDelegate.h */ = {isa = PBXFileReference; lastKnownFileType = sourcecode.c.h; path = AppDelegate.h; sourceTree = "<group>"; };
		14E8405B1ABB4EFA00620352 /* AppDelegate.m */ = {isa = PBXFileReference; lastKnownFileType = sourcecode.c.objc; path = AppDelegate.m; sourceTree = "<group>"; };
		14E840611ABB4EFA00620352 /* Base */ = {isa = PBXFileReference; lastKnownFileType = file.storyboard; name = Base; path = Base.lproj/Main.storyboard; sourceTree = "<group>"; };
		14E840631ABB4EFA00620352 /* Images.xcassets */ = {isa = PBXFileReference; lastKnownFileType = folder.assetcatalog; path = Images.xcassets; sourceTree = "<group>"; };
		14E840661ABB4EFA00620352 /* Base */ = {isa = PBXFileReference; lastKnownFileType = file.xib; name = Base; path = Base.lproj/LaunchScreen.xib; sourceTree = "<group>"; };
		14E8406C1ABB4EFA00620352 /* FarkleTests.xctest */ = {isa = PBXFileReference; explicitFileType = wrapper.cfbundle; includeInIndex = 0; path = FarkleTests.xctest; sourceTree = BUILT_PRODUCTS_DIR; };
		14E840711ABB4EFA00620352 /* Info.plist */ = {isa = PBXFileReference; lastKnownFileType = text.plist.xml; path = Info.plist; sourceTree = "<group>"; };
		14E840721ABB4EFA00620352 /* FarkleTests.m */ = {isa = PBXFileReference; lastKnownFileType = sourcecode.c.objc; path = FarkleTests.m; sourceTree = "<group>"; };
		14F890DF1ABFABFF0090CB30 /* ShakeView.h */ = {isa = PBXFileReference; fileEncoding = 4; lastKnownFileType = sourcecode.c.h; path = ShakeView.h; sourceTree = "<group>"; };
		14F890E01ABFABFF0090CB30 /* ShakeView.m */ = {isa = PBXFileReference; fileEncoding = 4; lastKnownFileType = sourcecode.c.objc; path = ShakeView.m; sourceTree = "<group>"; };
		D632213F1ABB508500623560 /* DieLabel.h */ = {isa = PBXFileReference; fileEncoding = 4; lastKnownFileType = sourcecode.c.h; name = DieLabel.h; path = ../DieLabel.h; sourceTree = "<group>"; };
		D63221401ABB508500623560 /* DieLabel.m */ = {isa = PBXFileReference; fileEncoding = 4; lastKnownFileType = sourcecode.c.objc; name = DieLabel.m; path = ../DieLabel.m; sourceTree = "<group>"; };
		D63221421ABB50A900623560 /* RootViewController.h */ = {isa = PBXFileReference; fileEncoding = 4; lastKnownFileType = sourcecode.c.h; name = RootViewController.h; path = ../RootViewController.h; sourceTree = "<group>"; };
		D63221431ABB50A900623560 /* RootViewController.m */ = {isa = PBXFileReference; fileEncoding = 4; lastKnownFileType = sourcecode.c.objc; name = RootViewController.m; path = ../RootViewController.m; sourceTree = "<group>"; };
/* End PBXFileReference section */

/* Begin PBXFrameworksBuildPhase section */
		14E840501ABB4EFA00620352 /* Frameworks */ = {
			isa = PBXFrameworksBuildPhase;
			buildActionMask = 2147483647;
			files = (
			);
			runOnlyForDeploymentPostprocessing = 0;
		};
		14E840691ABB4EFA00620352 /* Frameworks */ = {
			isa = PBXFrameworksBuildPhase;
			buildActionMask = 2147483647;
			files = (
			);
			runOnlyForDeploymentPostprocessing = 0;
		};
/* End PBXFrameworksBuildPhase section */

/* Begin PBXGroup section */
		14E8404A1ABB4EFA00620352 = {
			isa = PBXGroup;
			children = (
				14E840551ABB4EFA00620352 /* Farkle */,
				14E8406F1ABB4EFA00620352 /* FarkleTests */,
				14E840541ABB4EFA00620352 /* Products */,
			);
			sourceTree = "<group>";
		};
		14E840541ABB4EFA00620352 /* Products */ = {
			isa = PBXGroup;
			children = (
				14E840531ABB4EFA00620352 /* Farkle.app */,
				14E8406C1ABB4EFA00620352 /* FarkleTests.xctest */,
			);
			name = Products;
			sourceTree = "<group>";
		};
		14E840551ABB4EFA00620352 /* Farkle */ = {
			isa = PBXGroup;
			children = (
				14E8405A1ABB4EFA00620352 /* AppDelegate.h */,
				14E8405B1ABB4EFA00620352 /* AppDelegate.m */,
				14E840601ABB4EFA00620352 /* Main.storyboard */,
				D63221421ABB50A900623560 /* RootViewController.h */,
				D63221431ABB50A900623560 /* RootViewController.m */,
				14F890DF1ABFABFF0090CB30 /* ShakeView.h */,
				14F890E01ABFABFF0090CB30 /* ShakeView.m */,
				D632213F1ABB508500623560 /* DieLabel.h */,
				D63221401ABB508500623560 /* DieLabel.m */,
				14E840631ABB4EFA00620352 /* Images.xcassets */,
				14E840651ABB4EFA00620352 /* LaunchScreen.xib */,
				14E840561ABB4EFA00620352 /* Supporting Files */,
			);
			path = Farkle;
			sourceTree = "<group>";
		};
		14E840561ABB4EFA00620352 /* Supporting Files */ = {
			isa = PBXGroup;
			children = (
				14E840571ABB4EFA00620352 /* Info.plist */,
				14E840581ABB4EFA00620352 /* main.m */,
			);
			name = "Supporting Files";
			sourceTree = "<group>";
		};
		14E8406F1ABB4EFA00620352 /* FarkleTests */ = {
			isa = PBXGroup;
			children = (
				14E840721ABB4EFA00620352 /* FarkleTests.m */,
				14E840701ABB4EFA00620352 /* Supporting Files */,
			);
			path = FarkleTests;
			sourceTree = "<group>";
		};
		14E840701ABB4EFA00620352 /* Supporting Files */ = {
			isa = PBXGroup;
			children = (
				14E840711ABB4EFA00620352 /* Info.plist */,
			);
			name = "Supporting Files";
			sourceTree = "<group>";
		};
/* End PBXGroup section */

/* Begin PBXNativeTarget section */
		14E840521ABB4EFA00620352 /* Farkle */ = {
			isa = PBXNativeTarget;
			buildConfigurationList = 14E840761ABB4EFA00620352 /* Build configuration list for PBXNativeTarget "Farkle" */;
			buildPhases = (
				14E8404F1ABB4EFA00620352 /* Sources */,
				14E840501ABB4EFA00620352 /* Frameworks */,
				14E840511ABB4EFA00620352 /* Resources */,
			);
			buildRules = (
			);
			dependencies = (
			);
			name = Farkle;
			productName = Farkle;
			productReference = 14E840531ABB4EFA00620352 /* Farkle.app */;
			productType = "com.apple.product-type.application";
		};
		14E8406B1ABB4EFA00620352 /* FarkleTests */ = {
			isa = PBXNativeTarget;
			buildConfigurationList = 14E840791ABB4EFA00620352 /* Build configuration list for PBXNativeTarget "FarkleTests" */;
			buildPhases = (
				14E840681ABB4EFA00620352 /* Sources */,
				14E840691ABB4EFA00620352 /* Frameworks */,
				14E8406A1ABB4EFA00620352 /* Resources */,
			);
			buildRules = (
			);
			dependencies = (
				14E8406E1ABB4EFA00620352 /* PBXTargetDependency */,
			);
			name = FarkleTests;
			productName = FarkleTests;
			productReference = 14E8406C1ABB4EFA00620352 /* FarkleTests.xctest */;
			productType = "com.apple.product-type.bundle.unit-test";
		};
/* End PBXNativeTarget section */

/* Begin PBXProject section */
		14E8404B1ABB4EFA00620352 /* Project object */ = {
			isa = PBXProject;
			attributes = {
				LastUpgradeCheck = 0620;
				ORGANIZATIONNAME = "Jen Kelley";
				TargetAttributes = {
					14E840521ABB4EFA00620352 = {
						CreatedOnToolsVersion = 6.2;
					};
					14E8406B1ABB4EFA00620352 = {
						CreatedOnToolsVersion = 6.2;
						TestTargetID = 14E840521ABB4EFA00620352;
					};
				};
			};
			buildConfigurationList = 14E8404E1ABB4EFA00620352 /* Build configuration list for PBXProject "Farkle" */;
			compatibilityVersion = "Xcode 3.2";
			developmentRegion = English;
			hasScannedForEncodings = 0;
			knownRegions = (
				en,
				Base,
			);
			mainGroup = 14E8404A1ABB4EFA00620352;
			productRefGroup = 14E840541ABB4EFA00620352 /* Products */;
			projectDirPath = "";
			projectRoot = "";
			targets = (
				14E840521ABB4EFA00620352 /* Farkle */,
				14E8406B1ABB4EFA00620352 /* FarkleTests */,
			);
		};
/* End PBXProject section */

/* Begin PBXResourcesBuildPhase section */
		14E840511ABB4EFA00620352 /* Resources */ = {
			isa = PBXResourcesBuildPhase;
			buildActionMask = 2147483647;
			files = (
				14E840621ABB4EFA00620352 /* Main.storyboard in Resources */,
				14E840671ABB4EFA00620352 /* LaunchScreen.xib in Resources */,
				14E840641ABB4EFA00620352 /* Images.xcassets in Resources */,
			);
			runOnlyForDeploymentPostprocessing = 0;
		};
		14E8406A1ABB4EFA00620352 /* Resources */ = {
			isa = PBXResourcesBuildPhase;
			buildActionMask = 2147483647;
			files = (
			);
			runOnlyForDeploymentPostprocessing = 0;
		};
/* End PBXResourcesBuildPhase section */

/* Begin PBXSourcesBuildPhase section */
		14E8404F1ABB4EFA00620352 /* Sources */ = {
			isa = PBXSourcesBuildPhase;
			buildActionMask = 2147483647;
			files = (
				14E8405C1ABB4EFA00620352 /* AppDelegate.m in Sources */,
				14E840591ABB4EFA00620352 /* main.m in Sources */,
				D63221441ABB50A900623560 /* RootViewController.m in Sources */,
				14F890E11ABFABFF0090CB30 /* ShakeView.m in Sources */,
				D63221411ABB508500623560 /* DieLabel.m in Sources */,
			);
			runOnlyForDeploymentPostprocessing = 0;
		};
		14E840681ABB4EFA00620352 /* Sources */ = {
			isa = PBXSourcesBuildPhase;
			buildActionMask = 2147483647;
			files = (
				14E840731ABB4EFA00620352 /* FarkleTests.m in Sources */,
			);
			runOnlyForDeploymentPostprocessing = 0;
		};
/* End PBXSourcesBuildPhase section */

/* Begin PBXTargetDependency section */
		14E8406E1ABB4EFA00620352 /* PBXTargetDependency */ = {
			isa = PBXTargetDependency;
			target = 14E840521ABB4EFA00620352 /* Farkle */;
			targetProxy = 14E8406D1ABB4EFA00620352 /* PBXContainerItemProxy */;
		};
/* End PBXTargetDependency section */

/* Begin PBXVariantGroup section */
		14E840601ABB4EFA00620352 /* Main.storyboard */ = {
			isa = PBXVariantGroup;
			children = (
				14E840611ABB4EFA00620352 /* Base */,
			);
			name = Main.storyboard;
			sourceTree = "<group>";
		};
		14E840651ABB4EFA00620352 /* LaunchScreen.xib */ = {
			isa = PBXVariantGroup;
			children = (
				14E840661ABB4EFA00620352 /* Base */,
			);
			name = LaunchScreen.xib;
			sourceTree = "<group>";
		};
/* End PBXVariantGroup section */

/* Begin XCBuildConfiguration section */
		14E840741ABB4EFA00620352 /* Debug */ = {
			isa = XCBuildConfiguration;
			buildSettings = {
				ALWAYS_SEARCH_USER_PATHS = NO;
				CLANG_CXX_LANGUAGE_STANDARD = "gnu++0x";
				CLANG_CXX_LIBRARY = "libc++";
				CLANG_ENABLE_MODULES = YES;
				CLANG_ENABLE_OBJC_ARC = YES;
				CLANG_WARN_BOOL_CONVERSION = YES;
				CLANG_WARN_CONSTANT_CONVERSION = YES;
				CLANG_WARN_DIRECT_OBJC_ISA_USAGE = YES_ERROR;
				CLANG_WARN_EMPTY_BODY = YES;
				CLANG_WARN_ENUM_CONVERSION = YES;
				CLANG_WARN_INT_CONVERSION = YES;
				CLANG_WARN_OBJC_ROOT_CLASS = YES_ERROR;
				CLANG_WARN_UNREACHABLE_CODE = YES;
				CLANG_WARN__DUPLICATE_METHOD_MATCH = YES;
				"CODE_SIGN_IDENTITY[sdk=iphoneos*]" = "iPhone Developer";
				COPY_PHASE_STRIP = NO;
				ENABLE_STRICT_OBJC_MSGSEND = YES;
				GCC_C_LANGUAGE_STANDARD = gnu99;
				GCC_DYNAMIC_NO_PIC = NO;
				GCC_OPTIMIZATION_LEVEL = 0;
				GCC_PREPROCESSOR_DEFINITIONS = (
					"DEBUG=1",
					"$(inherited)",
				);
				GCC_SYMBOLS_PRIVATE_EXTERN = NO;
				GCC_WARN_64_TO_32_BIT_CONVERSION = YES;
				GCC_WARN_ABOUT_RETURN_TYPE = YES_ERROR;
				GCC_WARN_UNDECLARED_SELECTOR = YES;
				GCC_WARN_UNINITIALIZED_AUTOS = YES_AGGRESSIVE;
				GCC_WARN_UNUSED_FUNCTION = YES;
				GCC_WARN_UNUSED_VARIABLE = YES;
				IPHONEOS_DEPLOYMENT_TARGET = 8.2;
				MTL_ENABLE_DEBUG_INFO = YES;
				ONLY_ACTIVE_ARCH = YES;
				SDKROOT = iphoneos;
			};
			name = Debug;
		};
		14E840751ABB4EFA00620352 /* Release */ = {
			isa = XCBuildConfiguration;
			buildSettings = {
				ALWAYS_SEARCH_USER_PATHS = NO;
				CLANG_CXX_LANGUAGE_STANDARD = "gnu++0x";
				CLANG_CXX_LIBRARY = "libc++";
				CLANG_ENABLE_MODULES = YES;
				CLANG_ENABLE_OBJC_ARC = YES;
				CLANG_WARN_BOOL_CONVERSION = YES;
				CLANG_WARN_CONSTANT_CONVERSION = YES;
				CLANG_WARN_DIRECT_OBJC_ISA_USAGE = YES_ERROR;
				CLANG_WARN_EMPTY_BODY = YES;
				CLANG_WARN_ENUM_CONVERSION = YES;
				CLANG_WARN_INT_CONVERSION = YES;
				CLANG_WARN_OBJC_ROOT_CLASS = YES_ERROR;
				CLANG_WARN_UNREACHABLE_CODE = YES;
				CLANG_WARN__DUPLICATE_METHOD_MATCH = YES;
				"CODE_SIGN_IDENTITY[sdk=iphoneos*]" = "iPhone Developer";
				COPY_PHASE_STRIP = NO;
				ENABLE_NS_ASSERTIONS = NO;
				ENABLE_STRICT_OBJC_MSGSEND = YES;
				GCC_C_LANGUAGE_STANDARD = gnu99;
				GCC_WARN_64_TO_32_BIT_CONVERSION = YES;
				GCC_WARN_ABOUT_RETURN_TYPE = YES_ERROR;
				GCC_WARN_UNDECLARED_SELECTOR = YES;
				GCC_WARN_UNINITIALIZED_AUTOS = YES_AGGRESSIVE;
				GCC_WARN_UNUSED_FUNCTION = YES;
				GCC_WARN_UNUSED_VARIABLE = YES;
				IPHONEOS_DEPLOYMENT_TARGET = 8.2;
				MTL_ENABLE_DEBUG_INFO = NO;
				SDKROOT = iphoneos;
				VALIDATE_PRODUCT = YES;
			};
			name = Release;
		};
		14E840771ABB4EFA00620352 /* Debug */ = {
			isa = XCBuildConfiguration;
			buildSettings = {
				ASSETCATALOG_COMPILER_APPICON_NAME = AppIcon;
				INFOPLIST_FILE = Farkle/Info.plist;
				LD_RUNPATH_SEARCH_PATHS = "$(inherited) @executable_path/Frameworks";
				PRODUCT_NAME = "$(TARGET_NAME)";
			};
			name = Debug;
		};
		14E840781ABB4EFA00620352 /* Release */ = {
			isa = XCBuildConfiguration;
			buildSettings = {
				ASSETCATALOG_COMPILER_APPICON_NAME = AppIcon;
				INFOPLIST_FILE = Farkle/Info.plist;
				LD_RUNPATH_SEARCH_PATHS = "$(inherited) @executable_path/Frameworks";
				PRODUCT_NAME = "$(TARGET_NAME)";
			};
			name = Release;
		};
		14E8407A1ABB4EFA00620352 /* Debug */ = {
			isa = XCBuildConfiguration;
			buildSettings = {
				BUNDLE_LOADER = "$(TEST_HOST)";
				FRAMEWORK_SEARCH_PATHS = (
					"$(SDKROOT)/Developer/Library/Frameworks",
					"$(inherited)",
				);
				GCC_PREPROCESSOR_DEFINITIONS = (
					"DEBUG=1",
					"$(inherited)",
				);
				INFOPLIST_FILE = FarkleTests/Info.plist;
				LD_RUNPATH_SEARCH_PATHS = "$(inherited) @executable_path/Frameworks @loader_path/Frameworks";
				PRODUCT_NAME = "$(TARGET_NAME)";
				TEST_HOST = "$(BUILT_PRODUCTS_DIR)/Farkle.app/Farkle";
			};
			name = Debug;
		};
		14E8407B1ABB4EFA00620352 /* Release */ = {
			isa = XCBuildConfiguration;
			buildSettings = {
				BUNDLE_LOADER = "$(TEST_HOST)";
				FRAMEWORK_SEARCH_PATHS = (
					"$(SDKROOT)/Developer/Library/Frameworks",
					"$(inherited)",
				);
				INFOPLIST_FILE = FarkleTests/Info.plist;
				LD_RUNPATH_SEARCH_PATHS = "$(inherited) @executable_path/Frameworks @loader_path/Frameworks";
				PRODUCT_NAME = "$(TARGET_NAME)";
				TEST_HOST = "$(BUILT_PRODUCTS_DIR)/Farkle.app/Farkle";
			};
			name = Release;
		};
/* End XCBuildConfiguration section */

/* Begin XCConfigurationList section */
		14E8404E1ABB4EFA00620352 /* Build configuration list for PBXProject "Farkle" */ = {
			isa = XCConfigurationList;
			buildConfigurations = (
				14E840741ABB4EFA00620352 /* Debug */,
				14E840751ABB4EFA00620352 /* Release */,
			);
			defaultConfigurationIsVisible = 0;
			defaultConfigurationName = Release;
		};
		14E840761ABB4EFA00620352 /* Build configuration list for PBXNativeTarget "Farkle" */ = {
			isa = XCConfigurationList;
			buildConfigurations = (
				14E840771ABB4EFA00620352 /* Debug */,
				14E840781ABB4EFA00620352 /* Release */,
			);
			defaultConfigurationIsVisible = 0;
			defaultConfigurationName = Release;
		};
		14E840791ABB4EFA00620352 /* Build configuration list for PBXNativeTarget "FarkleTests" */ = {
			isa = XCConfigurationList;
			buildConfigurations = (
				14E8407A1ABB4EFA00620352 /* Debug */,
				14E8407B1ABB4EFA00620352 /* Release */,
			);
			defaultConfigurationIsVisible = 0;
			defaultConfigurationName = Release;
		};
/* End XCConfigurationList section */
	};
	rootObject = 14E8404B1ABB4EFA00620352 /* Project object */;
}
